
Microsoft Visual Studio Solution File, Format Version 12.00
# Visual Studio Version 17
VisualStudioVersion = 17.5.33627.172
MinimumVisualStudioVersion = 10.0.40219.1
Project("{FAE04EC0-301F-11D3-BF4B-00C04F79EFBC}") = "AkuSecimOtomasyonu", "AkuSecimOtomasyonu\AkuSecimOtomasyonu.csproj", "{0A43A735-1C17-4BF7-A12F-F1500262CD41}"
EndProject
Global
	GlobalSection(SolutionConfigurationPlatforms) = preSolution
		Debug|Any CPU = Debug|Any CPU
		Release|Any CPU = Release|Any CPU
	EndGlobalSection
	GlobalSection(ProjectConfigurationPlatforms) = postSolution
		{0A43A735-1C17-4BF7-A12F-F1500262CD41}.Debug|Any CPU.ActiveCfg = Debug|Any CPU
		{0A43A735-1C17-4BF7-A12F-F1500262CD41}.Debug|Any CPU.Build.0 = Debug|Any CPU
		{0A43A735-1C17-4BF7-A12F-F1500262CD41}.Release|Any CPU.ActiveCfg = Release|Any CPU
		{0A43A735-1C17-4BF7-A12F-F1500262CD41}.Release|Any CPU.Build.0 = Release|Any CPU
	EndGlobalSection
	GlobalSection(SolutionProperties) = preSolution
		HideSolutionNode = FALSE
	EndGlobalSection
	GlobalSection(ExtensibilityGlobals) = postSolution
		SolutionGuid = {E7C006CD-CE64-459A-AFA4-4D520644A417}
	EndGlobalSection
EndGlobal
